
Microsoft Visual Studio Solution File, Format Version 12.00
# Visual Studio Version 17
VisualStudioVersion = 17.0.31903.59
MinimumVisualStudioVersion = 10.0.40219.1
Project("{FAE04EC0-301F-11D3-BF4B-00C04F79EFBC}") = "jobntask-lib", "jobntask-lib\jobntask-lib.csproj", "{67AA5EE5-6C5D-4F6A-BBE4-8C7627C73602}"
EndProject
Project("{FAE04EC0-301F-11D3-BF4B-00C04F79EFBC}") = "jobntask-console", "jobntask-console\jobntask-console.csproj", "{84E86196-E63B-450C-AD80-5E74F9FD5330}"
EndProject
Global
	GlobalSection(SolutionConfigurationPlatforms) = preSolution
		Debug|Any CPU = Debug|Any CPU
		Release|Any CPU = Release|Any CPU
	EndGlobalSection
	GlobalSection(SolutionProperties) = preSolution
		HideSolutionNode = FALSE
	EndGlobalSection
	GlobalSection(ProjectConfigurationPlatforms) = postSolution
		{67AA5EE5-6C5D-4F6A-BBE4-8C7627C73602}.Debug|Any CPU.ActiveCfg = Debug|Any CPU
		{67AA5EE5-6C5D-4F6A-BBE4-8C7627C73602}.Debug|Any CPU.Build.0 = Debug|Any CPU
		{67AA5EE5-6C5D-4F6A-BBE4-8C7627C73602}.Release|Any CPU.ActiveCfg = Release|Any CPU
		{67AA5EE5-6C5D-4F6A-BBE4-8C7627C73602}.Release|Any CPU.Build.0 = Release|Any CPU
		{84E86196-E63B-450C-AD80-5E74F9FD5330}.Debug|Any CPU.ActiveCfg = Debug|Any CPU
		{84E86196-E63B-450C-AD80-5E74F9FD5330}.Debug|Any CPU.Build.0 = Debug|Any CPU
		{84E86196-E63B-450C-AD80-5E74F9FD5330}.Release|Any CPU.ActiveCfg = Release|Any CPU
		{84E86196-E63B-450C-AD80-5E74F9FD5330}.Release|Any CPU.Build.0 = Release|Any CPU
	EndGlobalSection
EndGlobal
